
Microsoft Visual Studio Solution File, Format Version 12.00
# Visual Studio Version 17
VisualStudioVersion = 17.0.31903.59
MinimumVisualStudioVersion = 10.0.40219.1
Project("{FAE04EC0-301F-11D3-BF4B-00C04F79EFBC}") = "App.Core", "App.Core\App.Core.csproj", "{517B6FAC-AE72-401D-B149-89C99A8D96A8}"
EndProject
Project("{FAE04EC0-301F-11D3-BF4B-00C04F79EFBC}") = "App.WindowsApp", "App.WindowsApp\App.WindowsApp.csproj", "{CA8D60C9-EF0B-46F4-A61E-924A45E256F9}"
EndProject
Global
	GlobalSection(SolutionConfigurationPlatforms) = preSolution
		Debug|Any CPU = Debug|Any CPU
		Release|Any CPU = Release|Any CPU
	EndGlobalSection
	GlobalSection(ProjectConfigurationPlatforms) = postSolution
		{517B6FAC-AE72-401D-B149-89C99A8D96A8}.Debug|Any CPU.ActiveCfg = Debug|Any CPU
		{517B6FAC-AE72-401D-B149-89C99A8D96A8}.Debug|Any CPU.Build.0 = Debug|Any CPU
		{517B6FAC-AE72-401D-B149-89C99A8D96A8}.Release|Any CPU.ActiveCfg = Release|Any CPU
		{517B6FAC-AE72-401D-B149-89C99A8D96A8}.Release|Any CPU.Build.0 = Release|Any CPU
		{CA8D60C9-EF0B-46F4-A61E-924A45E256F9}.Debug|Any CPU.ActiveCfg = Debug|Any CPU
		{CA8D60C9-EF0B-46F4-A61E-924A45E256F9}.Debug|Any CPU.Build.0 = Debug|Any CPU
		{CA8D60C9-EF0B-46F4-A61E-924A45E256F9}.Release|Any CPU.ActiveCfg = Release|Any CPU
		{CA8D60C9-EF0B-46F4-A61E-924A45E256F9}.Release|Any CPU.Build.0 = Release|Any CPU
	EndGlobalSection
	GlobalSection(SolutionProperties) = preSolution
		HideSolutionNode = FALSE
	EndGlobalSection
EndGlobal
